
Microsoft Visual Studio Solution File, Format Version 12.00
# Visual Studio Version 17
VisualStudioVersion = 17.9.34310.174
MinimumVisualStudioVersion = 10.0.40219.1
Project("{9A19103F-16F7-4668-BE54-9A1E7A4F7556}") = "ODMDemo", "ODMDemo\ODMDemo.csproj", "{2D64DD3F-CED7-49B5-8340-B80B78B6DCB5}"
EndProject
Project("{FAE04EC0-301F-11D3-BF4B-00C04F79EFBC}") = "ODM", "ODM\ODM.csproj", "{B68083F3-47DC-4FE9-9261-04C80A6B3701}"
EndProject
Project("{9A19103F-16F7-4668-BE54-9A1E7A4F7556}") = "ODM.Generator", "ODM.Generator\ODM.Generator.csproj", "{1BBAD6DB-A0E9-4F9F-8B18-C65BBC20D2C7}"
EndProject
Global
	GlobalSection(SolutionConfigurationPlatforms) = preSolution
		Debug|Any CPU = Debug|Any CPU
		Release|Any CPU = Release|Any CPU
	EndGlobalSection
	GlobalSection(ProjectConfigurationPlatforms) = postSolution
		{2D64DD3F-CED7-49B5-8340-B80B78B6DCB5}.Debug|Any CPU.ActiveCfg = Debug|Any CPU
		{2D64DD3F-CED7-49B5-8340-B80B78B6DCB5}.Debug|Any CPU.Build.0 = Debug|Any CPU
		{2D64DD3F-CED7-49B5-8340-B80B78B6DCB5}.Release|Any CPU.ActiveCfg = Release|Any CPU
		{2D64DD3F-CED7-49B5-8340-B80B78B6DCB5}.Release|Any CPU.Build.0 = Release|Any CPU
		{B68083F3-47DC-4FE9-9261-04C80A6B3701}.Debug|Any CPU.ActiveCfg = Debug|Any CPU
		{B68083F3-47DC-4FE9-9261-04C80A6B3701}.Debug|Any CPU.Build.0 = Debug|Any CPU
		{B68083F3-47DC-4FE9-9261-04C80A6B3701}.Release|Any CPU.ActiveCfg = Release|Any CPU
		{B68083F3-47DC-4FE9-9261-04C80A6B3701}.Release|Any CPU.Build.0 = Release|Any CPU
		{1BBAD6DB-A0E9-4F9F-8B18-C65BBC20D2C7}.Debug|Any CPU.ActiveCfg = Debug|Any CPU
		{1BBAD6DB-A0E9-4F9F-8B18-C65BBC20D2C7}.Debug|Any CPU.Build.0 = Debug|Any CPU
		{1BBAD6DB-A0E9-4F9F-8B18-C65BBC20D2C7}.Release|Any CPU.ActiveCfg = Release|Any CPU
		{1BBAD6DB-A0E9-4F9F-8B18-C65BBC20D2C7}.Release|Any CPU.Build.0 = Release|Any CPU
	EndGlobalSection
	GlobalSection(SolutionProperties) = preSolution
		HideSolutionNode = FALSE
	EndGlobalSection
	GlobalSection(ExtensibilityGlobals) = postSolution
		SolutionGuid = {4353696A-F322-4C08-9E60-983FD9D8F938}
	EndGlobalSection
EndGlobal
